
Microsoft Visual Studio Solution File, Format Version 12.00
# Visual Studio Version 16
VisualStudioVersion = 16.0.32413.511
MinimumVisualStudioVersion = 10.0.40219.1
Project("{FAE04EC0-301F-11D3-BF4B-00C04F79EFBC}") = "LoginForm", "LoginForm\LoginForm.csproj", "{73ABBDCD-6417-4803-92CB-FF22CF823F1C}"
EndProject
Global
	GlobalSection(SolutionConfigurationPlatforms) = preSolution
		Debug|Any CPU = Debug|Any CPU
		Release|Any CPU = Release|Any CPU
	EndGlobalSection
	GlobalSection(ProjectConfigurationPlatforms) = postSolution
		{73ABBDCD-6417-4803-92CB-FF22CF823F1C}.Debug|Any CPU.ActiveCfg = Debug|Any CPU
		{73ABBDCD-6417-4803-92CB-FF22CF823F1C}.Debug|Any CPU.Build.0 = Debug|Any CPU
		{73ABBDCD-6417-4803-92CB-FF22CF823F1C}.Release|Any CPU.ActiveCfg = Release|Any CPU
		{73ABBDCD-6417-4803-92CB-FF22CF823F1C}.Release|Any CPU.Build.0 = Release|Any CPU
	EndGlobalSection
	GlobalSection(SolutionProperties) = preSolution
		HideSolutionNode = FALSE
	EndGlobalSection
	GlobalSection(ExtensibilityGlobals) = postSolution
		SolutionGuid = {CE1C3A31-D726-48FB-98C2-A81E04475093}
	EndGlobalSection
EndGlobal
